// !$*UTF8*$!
{
	archiveVersion = 1;
	classes = {
	};
	objectVersion = 46;
	objects = {

/* Begin PBXBuildFile section */
		39ADD3F51A38D017008BC825 /* main.m in Sources */ = {isa = PBXBuildFile; fileRef = 39ADD3F41A38D017008BC825 /* main.m */; };
		39ADD3F81A38D017008BC825 /* AppDelegate.m in Sources */ = {isa = PBXBuildFile; fileRef = 39ADD3F71A38D017008BC825 /* AppDelegate.m */; };
		39ADD3FB1A38D017008BC825 /* ViewController.m in Sources */ = {isa = PBXBuildFile; fileRef = 39ADD3FA1A38D017008BC825 /* ViewController.m */; };
		39ADD3FE1A38D017008BC825 /* Main.storyboard in Resources */ = {isa = PBXBuildFile; fileRef = 39ADD3FC1A38D017008BC825 /* Main.storyboard */; };
		39ADD4001A38D017008BC825 /* Images.xcassets in Resources */ = {isa = PBXBuildFile; fileRef = 39ADD3FF1A38D017008BC825 /* Images.xcassets */; };
		39ADD4031A38D017008BC825 /* LaunchScreen.xib in Resources */ = {isa = PBXBuildFile; fileRef = 39ADD4011A38D017008BC825 /* LaunchScreen.xib */; };
		39ADD40F1A38D017008BC825 /* MarioTests.m in Sources */ = {isa = PBXBuildFile; fileRef = 39ADD40E1A38D017008BC825 /* MarioTests.m */; };
/* End PBXBuildFile section */

/* Begin PBXContainerItemProxy section */
		39ADD4091A38D017008BC825 /* PBXContainerItemProxy */ = {
			isa = PBXContainerItemProxy;
			containerPortal = 39ADD3E71A38D017008BC825 /* Project object */;
			proxyType = 1;
			remoteGlobalIDString = 39ADD3EE1A38D017008BC825;
			remoteInfo = Mario;
		};
/* End PBXContainerItemProxy section */

/* Begin PBXFileReference section */
		39ADD3EF1A38D017008BC825 /* Mario.app */ = {isa = PBXFileReference; explicitFileType = wrapper.application; includeInIndex = 0; path = Mario.app; sourceTree = BUILT_PRODUCTS_DIR; };
		39ADD3F31A38D017008BC825 /* Info.plist */ = {isa = PBXFileReference; lastKnownFileType = text.plist.xml; path = Info.plist; sourceTree = "<group>"; };
		39ADD3F41A38D017008BC825 /* main.m */ = {isa = PBXFileReference; lastKnownFileType = sourcecode.c.objc; path = main.m; sourceTree = "<group>"; };
		39ADD3F61A38D017008BC825 /* AppDelegate.h */ = {isa = PBXFileReference; lastKnownFileType = sourcecode.c.h; path = AppDelegate.h; sourceTree = "<group>"; };
		39ADD3F71A38D017008BC825 /* AppDelegate.m */ = {isa = PBXFileReference; lastKnownFileType = sourcecode.c.objc; path = AppDelegate.m; sourceTree = "<group>"; };
		39ADD3F91A38D017008BC825 /* ViewController.h */ = {isa = PBXFileReference; lastKnownFileType = sourcecode.c.h; path = ViewController.h; sourceTree = "<group>"; };
		39ADD3FA1A38D017008BC825 /* ViewController.m */ = {isa = PBXFileReference; lastKnownFileType = sourcecode.c.objc; path = ViewController.m; sourceTree = "<group>"; };
		39ADD3FD1A38D017008BC825 /* Base */ = {isa = PBXFileReference; lastKnownFileType = file.storyboard; name = Base; path = Base.lproj/Main.storyboard; sourceTree = "<group>"; };
		39ADD3FF1A38D017008BC825 /* Images.xcassets */ = {isa = PBXFileReference; lastKnownFileType = folder.assetcatalog; path = Images.xcassets; sourceTree = "<group>"; };
		39ADD4021A38D017008BC825 /* Base */ = {isa = PBXFileReference; lastKnownFileType = file.xib; name = Base; path = Base.lproj/LaunchScreen.xib; sourceTree = "<group>"; };
		39ADD4081A38D017008BC825 /* MarioTests.xctest */ = {isa = PBXFileReference; explicitFileType = wrapper.cfbundle; includeInIndex = 0; path = MarioTests.xctest; sourceTree = BUILT_PRODUCTS_DIR; };
		39ADD40D1A38D017008BC825 /* Info.plist */ = {isa = PBXFileReference; lastKnownFileType = text.plist.xml; path = Info.plist; sourceTree = "<group>"; };
		39ADD40E1A38D017008BC825 /* MarioTests.m */ = {isa = PBXFileReference; lastKnownFileType = sourcecode.c.objc; path = MarioTests.m; sourceTree = "<group>"; };
/* End PBXFileReference section */

/* Begin PBXFrameworksBuildPhase section */
		39ADD3EC1A38D017008BC825 /* Frameworks */ = {
			isa = PBXFrameworksBuildPhase;
			buildActionMask = 2147483647;
			files = (
			);
			runOnlyForDeploymentPostprocessing = 0;
		};
		39ADD4051A38D017008BC825 /* Frameworks */ = {
			isa = PBXFrameworksBuildPhase;
			buildActionMask = 2147483647;
			files = (
			);
			runOnlyForDeploymentPostprocessing = 0;
		};
/* End PBXFrameworksBuildPhase section */

/* Begin PBXGroup section */
		39ADD3E61A38D017008BC825 = {
			isa = PBXGroup;
			children = (
				39ADD3F11A38D017008BC825 /* Mario */,
				39ADD40B1A38D017008BC825 /* MarioTests */,
				39ADD3F01A38D017008BC825 /* Products */,
			);
			sourceTree = "<group>";
		};
		39ADD3F01A38D017008BC825 /* Products */ = {
			isa = PBXGroup;
			children = (
				39ADD3EF1A38D017008BC825 /* Mario.app */,
				39ADD4081A38D017008BC825 /* MarioTests.xctest */,
			);
			name = Products;
			sourceTree = "<group>";
		};
		39ADD3F11A38D017008BC825 /* Mario */ = {
			isa = PBXGroup;
			children = (
				39ADD3F61A38D017008BC825 /* AppDelegate.h */,
				39ADD3F71A38D017008BC825 /* AppDelegate.m */,
				39ADD3F91A38D017008BC825 /* ViewController.h */,
				39ADD3FA1A38D017008BC825 /* ViewController.m */,
				39ADD3FC1A38D017008BC825 /* Main.storyboard */,
				39ADD3FF1A38D017008BC825 /* Images.xcassets */,
				39ADD4011A38D017008BC825 /* LaunchScreen.xib */,
				39ADD3F21A38D017008BC825 /* Supporting Files */,
			);
			path = Mario;
			sourceTree = "<group>";
		};
		39ADD3F21A38D017008BC825 /* Supporting Files */ = {
			isa = PBXGroup;
			children = (
				39ADD3F31A38D017008BC825 /* Info.plist */,
				39ADD3F41A38D017008BC825 /* main.m */,
			);
			name = "Supporting Files";
			sourceTree = "<group>";
		};
		39ADD40B1A38D017008BC825 /* MarioTests */ = {
			isa = PBXGroup;
			children = (
				39ADD40E1A38D017008BC825 /* MarioTests.m */,
				39ADD40C1A38D017008BC825 /* Supporting Files */,
			);
			path = MarioTests;
			sourceTree = "<group>";
		};
		39ADD40C1A38D017008BC825 /* Supporting Files */ = {
			isa = PBXGroup;
			children = (
				39ADD40D1A38D017008BC825 /* Info.plist */,
			);
			name = "Supporting Files";
			sourceTree = "<group>";
		};
/* End PBXGroup section */

/* Begin PBXNativeTarget section */
		39ADD3EE1A38D017008BC825 /* Mario */ = {
			isa = PBXNativeTarget;
			buildConfigurationList = 39ADD4121A38D017008BC825 /* Build configuration list for PBXNativeTarget "Mario" */;
			buildPhases = (
				39ADD3EB1A38D017008BC825 /* Sources */,
				39ADD3EC1A38D017008BC825 /* Frameworks */,
				39ADD3ED1A38D017008BC825 /* Resources */,
			);
			buildRules = (
			);
			dependencies = (
			);
			name = Mario;
			productName = Mario;
			productReference = 39ADD3EF1A38D017008BC825 /* Mario.app */;
			productType = "com.apple.product-type.application";
		};
		39ADD4071A38D017008BC825 /* MarioTests */ = {
			isa = PBXNativeTarget;
			buildConfigurationList = 39ADD4151A38D017008BC825 /* Build configuration list for PBXNativeTarget "MarioTests" */;
			buildPhases = (
				39ADD4041A38D017008BC825 /* Sources */,
				39ADD4051A38D017008BC825 /* Frameworks */,
				39ADD4061A38D017008BC825 /* Resources */,
			);
			buildRules = (
			);
			dependencies = (
				39ADD40A1A38D017008BC825 /* PBXTargetDependency */,
			);
			name = MarioTests;
			productName = MarioTests;
			productReference = 39ADD4081A38D017008BC825 /* MarioTests.xctest */;
			productType = "com.apple.product-type.bundle.unit-test";
		};
/* End PBXNativeTarget section */

/* Begin PBXProject section */
		39ADD3E71A38D017008BC825 /* Project object */ = {
			isa = PBXProject;
			attributes = {
				LastUpgradeCheck = 0610;
				ORGANIZATIONNAME = "Destroy Me Productions";
				TargetAttributes = {
					39ADD3EE1A38D017008BC825 = {
						CreatedOnToolsVersion = 6.1.1;
					};
					39ADD4071A38D017008BC825 = {
						CreatedOnToolsVersion = 6.1.1;
						TestTargetID = 39ADD3EE1A38D017008BC825;
					};
				};
			};
			buildConfigurationList = 39ADD3EA1A38D017008BC825 /* Build configuration list for PBXProject "Mario" */;
			compatibilityVersion = "Xcode 3.2";
			developmentRegion = English;
			hasScannedForEncodings = 0;
			knownRegions = (
				en,
				Base,
			);
			mainGroup = 39ADD3E61A38D017008BC825;
			productRefGroup = 39ADD3F01A38D017008BC825 /* Products */;
			projectDirPath = "";
			projectRoot = "";
			targets = (
				39ADD3EE1A38D017008BC825 /* Mario */,
				39ADD4071A38D017008BC825 /* MarioTests */,
			);
		};
/* End PBXProject section */

/* Begin PBXResourcesBuildPhase section */
		39ADD3ED1A38D017008BC825 /* Resources */ = {
			isa = PBXResourcesBuildPhase;
			buildActionMask = 2147483647;
			files = (
				39ADD3FE1A38D017008BC825 /* Main.storyboard in Resources */,
				39ADD4031A38D017008BC825 /* LaunchScreen.xib in Resources */,
				39ADD4001A38D017008BC825 /* Images.xcassets in Resources */,
			);
			runOnlyForDeploymentPostprocessing = 0;
		};
		39ADD4061A38D017008BC825 /* Resources */ = {
			isa = PBXResourcesBuildPhase;
			buildActionMask = 2147483647;
			files = (
			);
			runOnlyForDeploymentPostprocessing = 0;
		};
/* End PBXResourcesBuildPhase section */

/* Begin PBXSourcesBuildPhase section */
		39ADD3EB1A38D017008BC825 /* Sources */ = {
			isa = PBXSourcesBuildPhase;
			buildActionMask = 2147483647;
			files = (
				39ADD3FB1A38D017008BC825 /* ViewController.m in Sources */,
				39ADD3F81A38D017008BC825 /* AppDelegate.m in Sources */,
				39ADD3F51A38D017008BC825 /* main.m in Sources */,
			);
			runOnlyForDeploymentPostprocessing = 0;
		};
		39ADD4041A38D017008BC825 /* Sources */ = {
			isa = PBXSourcesBuildPhase;
			buildActionMask = 2147483647;
			files = (
				39ADD40F1A38D017008BC825 /* MarioTests.m in Sources */,
			);
			runOnlyForDeploymentPostprocessing = 0;
		};
/* End PBXSourcesBuildPhase section */

/* Begin PBXTargetDependency section */
		39ADD40A1A38D017008BC825 /* PBXTargetDependency */ = {
			isa = PBXTargetDependency;
			target = 39ADD3EE1A38D017008BC825 /* Mario */;
			targetProxy = 39ADD4091A38D017008BC825 /* PBXContainerItemProxy */;
		};
/* End PBXTargetDependency section */

/* Begin PBXVariantGroup section */
		39ADD3FC1A38D017008BC825 /* Main.storyboard */ = {
			isa = PBXVariantGroup;
			children = (
				39ADD3FD1A38D017008BC825 /* Base */,
			);
			name = Main.storyboard;
			sourceTree = "<group>";
		};
		39ADD4011A38D017008BC825 /* LaunchScreen.xib */ = {
			isa = PBXVariantGroup;
			children = (
				39ADD4021A38D017008BC825 /* Base */,
			);
			name = LaunchScreen.xib;
			sourceTree = "<group>";
		};
/* End PBXVariantGroup section */

/* Begin XCBuildConfiguration section */
		39ADD4101A38D017008BC825 /* Debug */ = {
			isa = XCBuildConfiguration;
			buildSettings = {
				ALWAYS_SEARCH_USER_PATHS = NO;
				CLANG_CXX_LANGUAGE_STANDARD = "gnu++0x";
				CLANG_CXX_LIBRARY = "libc++";
				CLANG_ENABLE_MODULES = YES;
				CLANG_ENABLE_OBJC_ARC = YES;
				CLANG_WARN_BOOL_CONVERSION = YES;
				CLANG_WARN_CONSTANT_CONVERSION = YES;
				CLANG_WARN_DIRECT_OBJC_ISA_USAGE = YES_ERROR;
				CLANG_WARN_EMPTY_BODY = YES;
				CLANG_WARN_ENUM_CONVERSION = YES;
				CLANG_WARN_INT_CONVERSION = YES;
				CLANG_WARN_OBJC_ROOT_CLASS = YES_ERROR;
				CLANG_WARN_UNREACHABLE_CODE = YES;
				CLANG_WARN__DUPLICATE_METHOD_MATCH = YES;
				"CODE_SIGN_IDENTITY[sdk=iphoneos*]" = "iPhone Developer";
				COPY_PHASE_STRIP = NO;
				ENABLE_STRICT_OBJC_MSGSEND = YES;
				GCC_C_LANGUAGE_STANDARD = gnu99;
				GCC_DYNAMIC_NO_PIC = NO;
				GCC_OPTIMIZATION_LEVEL = 0;
				GCC_PREPROCESSOR_DEFINITIONS = (
					"DEBUG=1",
					"$(inherited)",
				);
				GCC_SYMBOLS_PRIVATE_EXTERN = NO;
				GCC_WARN_64_TO_32_BIT_CONVERSION = YES;
				GCC_WARN_ABOUT_RETURN_TYPE = YES_ERROR;
				GCC_WARN_UNDECLARED_SELECTOR = YES;
				GCC_WARN_UNINITIALIZED_AUTOS = YES_AGGRESSIVE;
				GCC_WARN_UNUSED_FUNCTION = YES;
				GCC_WARN_UNUSED_VARIABLE = YES;
				IPHONEOS_DEPLOYMENT_TARGET = 8.1;
				MTL_ENABLE_DEBUG_INFO = YES;
				ONLY_ACTIVE_ARCH = YES;
				SDKROOT = iphoneos;
			};
			name = Debug;
		};
		39ADD4111A38D017008BC825 /* Release */ = {
			isa = XCBuildConfiguration;
			buildSettings = {
				ALWAYS_SEARCH_USER_PATHS = NO;
				CLANG_CXX_LANGUAGE_STANDARD = "gnu++0x";
				CLANG_CXX_LIBRARY = "libc++";
				CLANG_ENABLE_MODULES = YES;
				CLANG_ENABLE_OBJC_ARC = YES;
				CLANG_WARN_BOOL_CONVERSION = YES;
				CLANG_WARN_CONSTANT_CONVERSION = YES;
				CLANG_WARN_DIRECT_OBJC_ISA_USAGE = YES_ERROR;
				CLANG_WARN_EMPTY_BODY = YES;
				CLANG_WARN_ENUM_CONVERSION = YES;
				CLANG_WARN_INT_CONVERSION = YES;
				CLANG_WARN_OBJC_ROOT_CLASS = YES_ERROR;
				CLANG_WARN_UNREACHABLE_CODE = YES;
				CLANG_WARN__DUPLICATE_METHOD_MATCH = YES;
				"CODE_SIGN_IDENTITY[sdk=iphoneos*]" = "iPhone Developer";
				COPY_PHASE_STRIP = YES;
				ENABLE_NS_ASSERTIONS = NO;
				ENABLE_STRICT_OBJC_MSGSEND = YES;
				GCC_C_LANGUAGE_STANDARD = gnu99;
				GCC_WARN_64_TO_32_BIT_CONVERSION = YES;
				GCC_WARN_ABOUT_RETURN_TYPE = YES_ERROR;
				GCC_WARN_UNDECLARED_SELECTOR = YES;
				GCC_WARN_UNINITIALIZED_AUTOS = YES_AGGRESSIVE;
				GCC_WARN_UNUSED_FUNCTION = YES;
				GCC_WARN_UNUSED_VARIABLE = YES;
				IPHONEOS_DEPLOYMENT_TARGET = 8.1;
				MTL_ENABLE_DEBUG_INFO = NO;
				SDKROOT = iphoneos;
				VALIDATE_PRODUCT = YES;
			};
			name = Release;
		};
		39ADD4131A38D017008BC825 /* Debug */ = {
			isa = XCBuildConfiguration;
			buildSettings = {
				ASSETCATALOG_COMPILER_APPICON_NAME = AppIcon;
				INFOPLIST_FILE = Mario/Info.plist;
				LD_RUNPATH_SEARCH_PATHS = "$(inherited) @executable_path/Frameworks";
				PRODUCT_NAME = "$(TARGET_NAME)";
			};
			name = Debug;
		};
		39ADD4141A38D017008BC825 /* Release */ = {
			isa = XCBuildConfiguration;
			buildSettings = {
				ASSETCATALOG_COMPILER_APPICON_NAME = AppIcon;
				INFOPLIST_FILE = Mario/Info.plist;
				LD_RUNPATH_SEARCH_PATHS = "$(inherited) @executable_path/Frameworks";
				PRODUCT_NAME = "$(TARGET_NAME)";
			};
			name = Release;
		};
		39ADD4161A38D017008BC825 /* Debug */ = {
			isa = XCBuildConfiguration;
			buildSettings = {
				BUNDLE_LOADER = "$(TEST_HOST)";
				FRAMEWORK_SEARCH_PATHS = (
					"$(SDKROOT)/Developer/Library/Frameworks",
					"$(inherited)",
				);
				GCC_PREPROCESSOR_DEFINITIONS = (
					"DEBUG=1",
					"$(inherited)",
				);
				INFOPLIST_FILE = MarioTests/Info.plist;
				LD_RUNPATH_SEARCH_PATHS = "$(inherited) @executable_path/Frameworks @loader_path/Frameworks";
				PRODUCT_NAME = "$(TARGET_NAME)";
				TEST_HOST = "$(BUILT_PRODUCTS_DIR)/Mario.app/Mario";
			};
			name = Debug;
		};
		39ADD4171A38D017008BC825 /* Release */ = {
			isa = XCBuildConfiguration;
			buildSettings = {
				BUNDLE_LOADER = "$(TEST_HOST)";
				FRAMEWORK_SEARCH_PATHS = (
					"$(SDKROOT)/Developer/Library/Frameworks",
					"$(inherited)",
				);
				INFOPLIST_FILE = MarioTests/Info.plist;
				LD_RUNPATH_SEARCH_PATHS = "$(inherited) @executable_path/Frameworks @loader_path/Frameworks";
				PRODUCT_NAME = "$(TARGET_NAME)";
				TEST_HOST = "$(BUILT_PRODUCTS_DIR)/Mario.app/Mario";
			};
			name = Release;
		};
/* End XCBuildConfiguration section */

/* Begin XCConfigurationList section */
		39ADD3EA1A38D017008BC825 /* Build configuration list for PBXProject "Mario" */ = {
			isa = XCConfigurationList;
			buildConfigurations = (
				39ADD4101A38D017008BC825 /* Debug */,
				39ADD4111A38D017008BC825 /* Release */,
			);
			defaultConfigurationIsVisible = 0;
			defaultConfigurationName = Release;
		};
		39ADD4121A38D017008BC825 /* Build configuration list for PBXNativeTarget "Mario" */ = {
			isa = XCConfigurationList;
			buildConfigurations = (
				39ADD4131A38D017008BC825 /* Debug */,
				39ADD4141A38D017008BC825 /* Release */,
			);
			defaultConfigurationIsVisible = 0;
		};
		39ADD4151A38D017008BC825 /* Build configuration list for PBXNativeTarget "MarioTests" */ = {
			isa = XCConfigurationList;
			buildConfigurations = (
				39ADD4161A38D017008BC825 /* Debug */,
				39ADD4171A38D017008BC825 /* Release */,
			);
			defaultConfigurationIsVisible = 0;
		};
/* End XCConfigurationList section */
	};
	rootObject = 39ADD3E71A38D017008BC825 /* Project object */;
}
